# This file was autogenerated by Stack.
# You should not edit this file by hand.
# For more information, please see the documentation at:
#   https://docs.haskellstack.org/en/stable/lock_files

packages:
- completed:
    hackage: servant-0.19.1@sha256:87b8f75230e904f29fc9bf5453bc6cf5f4f803b450e7d06ed95a191506114304,5566
    pantry-tree:
      sha256: c7ebb0951a9aafb254fc22b90af3129f54742c1f93eb86105dce29f713bf10e3
      size: 2802
  original:
    hackage: servant-0.19.1
- completed:
    hackage: servant-server-0.19.2@sha256:a300e17d1c779ea404be0af84dfda3b996825afa6b429c0f8cb490cdeceb7ec7,5709
    pantry-tree:
      sha256: aeacefa2fad27eef606c5dbb7339e233ca148eb4c3c986c8409e5f23cfdbfa58
      size: 2614
  original:
    hackage: servant-server-0.19.2
snapshots:
- completed:
    sha256: 5a59b2a405b3aba3c00188453be172b85893cab8ebc352b1ef58b0eae5d248a2
    size: 650475
    url: https://raw.githubusercontent.com/commercialhaskell/stackage-snapshots/master/lts/20/26.yaml
  original: lts-20.26
